
Microsoft Visual Studio Solution File, Format Version 12.00
# Visual Studio Version 17
VisualStudioVersion = 17.10.35004.147
MinimumVisualStudioVersion = 10.0.40219.1
Project("{8BC9CEB8-8B4A-11D0-8D11-00A0C91BC942}") = "cpp_luythua", "cpp_luythua.vcxproj", "{121218AB-8687-4B9A-9EDC-AC5F68E360A6}"
EndProject
Global
	GlobalSection(SolutionConfigurationPlatforms) = preSolution
		Debug|x64 = Debug|x64
		Debug|x86 = Debug|x86
		Release|x64 = Release|x64
		Release|x86 = Release|x86
	EndGlobalSection
	GlobalSection(ProjectConfigurationPlatforms) = postSolution
		{121218AB-8687-4B9A-9EDC-AC5F68E360A6}.Debug|x64.ActiveCfg = Debug|x64
		{121218AB-8687-4B9A-9EDC-AC5F68E360A6}.Debug|x64.Build.0 = Debug|x64
		{121218AB-8687-4B9A-9EDC-AC5F68E360A6}.Debug|x86.ActiveCfg = Debug|Win32
		{121218AB-8687-4B9A-9EDC-AC5F68E360A6}.Debug|x86.Build.0 = Debug|Win32
		{121218AB-8687-4B9A-9EDC-AC5F68E360A6}.Release|x64.ActiveCfg = Release|x64
		{121218AB-8687-4B9A-9EDC-AC5F68E360A6}.Release|x64.Build.0 = Release|x64
		{121218AB-8687-4B9A-9EDC-AC5F68E360A6}.Release|x86.ActiveCfg = Release|Win32
		{121218AB-8687-4B9A-9EDC-AC5F68E360A6}.Release|x86.Build.0 = Release|Win32
	EndGlobalSection
	GlobalSection(SolutionProperties) = preSolution
		HideSolutionNode = FALSE
	EndGlobalSection
	GlobalSection(ExtensibilityGlobals) = postSolution
		SolutionGuid = {76CF317C-F13E-4C73-B641-1BDA8B766C66}
	EndGlobalSection
EndGlobal
